
Microsoft Visual Studio Solution File, Format Version 12.00
# Visual Studio Version 16
VisualStudioVersion = 16.0.32228.343
MinimumVisualStudioVersion = 10.0.40219.1
Project("{FAE04EC0-301F-11D3-BF4B-00C04F79EFBC}") = "test", "test.csproj", "{2BF798A1-2C15-4D9C-B0CE-C014ACEAEAB3}"
EndProject
Global
	GlobalSection(SolutionConfigurationPlatforms) = preSolution
		Debug|Any CPU = Debug|Any CPU
		Release|Any CPU = Release|Any CPU
	EndGlobalSection
	GlobalSection(ProjectConfigurationPlatforms) = postSolution
		{2BF798A1-2C15-4D9C-B0CE-C014ACEAEAB3}.Debug|Any CPU.ActiveCfg = Debug|Any CPU
		{2BF798A1-2C15-4D9C-B0CE-C014ACEAEAB3}.Debug|Any CPU.Build.0 = Debug|Any CPU
		{2BF798A1-2C15-4D9C-B0CE-C014ACEAEAB3}.Release|Any CPU.ActiveCfg = Release|Any CPU
		{2BF798A1-2C15-4D9C-B0CE-C014ACEAEAB3}.Release|Any CPU.Build.0 = Release|Any CPU
	EndGlobalSection
	GlobalSection(SolutionProperties) = preSolution
		HideSolutionNode = FALSE
	EndGlobalSection
	GlobalSection(ExtensibilityGlobals) = postSolution
		SolutionGuid = {6157503F-BDF4-43E1-AE9E-4F01604E878B}
	EndGlobalSection
EndGlobal
